<Solution>
  <Configurations>
    <Platform Name="x64" />
    <Platform Name="x86" />
  </Configurations>
  <Project Path="01-char-string-and-ASCII/01-char-string-and-ASCII.vcxproj" Id="f7777c84-d4b4-41f0-8c0c-5eadae54acf4" />
  <Project Path="02-dataType/02-dataType.vcxproj" Id="f02ef8d1-7b98-4072-9313-a667997e511c" />
  <Project Path="03-constant-type-conversion/03-constant-type-conversion.vcxproj" Id="205f8273-f99c-467b-8f1a-da4936ad838f" />
  <Project Path="04-printf-scanf/04-printf-scanf.vcxproj" Id="99d20e93-a5b4-411f-a2b7-6d38f63c3723" />
  <Project Path="05-operator/05-operator.vcxproj" Id="1983553a-19e4-4f7c-8a98-4bd469f39723" />
  <Project Path="06-sequential-and-if/06-sequential-and-if.vcxproj" Id="ab7cd6aa-a70e-4418-a336-f797a29ce797" />
  <Project Path="07-switch/07-switch.vcxproj" Id="e306d7a6-a1c1-47f4-b35f-244237e15984" />
  <Project Path="08-loop/08-loop.vcxproj" Id="1d6f25ca-536c-4ee4-bb26-4b05a2c7d2d4" />
  <Project Path="09-array/09-array.vcxproj" Id="97f3e85e-6c55-484c-a903-e68319031026" />
  <Project Path="10-function/10-function.vcxproj" Id="8d454b87-ddf6-40c6-b0e3-a080dd011019" />
  <Project Path="11-static/11-static.vcxproj" Id="2b075f40-3824-4b34-b6df-85eb207226df" />
  <Project Path="12-recursion/12-recursion.vcxproj" Id="2e59efc7-206e-4281-bed4-c3afbc840865" />
  <Project Path="13-pointer/13-pointer.vcxproj" Id="fec6cb38-e444-4c2c-b096-02d5e38a0e52" />
  <Project Path="14-string-function/14-string-function.vcxproj" Id="62118896-a3ea-42c8-8064-f52d650919d8" />
  <Project Path="15-struct-union-enum/15-struct-union-enum.vcxproj" Id="66a6da0a-8e98-443b-af8a-9d137e76d46b" />
  <Project Path="16-dynamic-memory/16-dynamic-memory.vcxproj" Id="8dceb4cc-e137-4195-9c24-67793fa92f05" />
  <Project Path="17-file/17-file.vcxproj" Id="670626c6-cfe5-4786-bc55-37f476d060a4" />
  <Project Path="18-sequential-list/18-sequential-list.vcxproj" Id="93b1ed67-ebf7-4139-b46b-a02dc711f7be" />
  <Project Path="19-linked-list/19-linked-list.vcxproj" Id="42b4c110-b359-41b7-bdae-cd4143c06231" />
</Solution>