<Solution>
  <Configurations>
    <Platform Name="x64" />
    <Platform Name="x86" />
  </Configurations>
  <Project Path="01-char-string-and-ASCII/01-char-string-and-ASCII.vcxproj" Id="f7777c84-d4b4-41f0-8c0c-5eadae54acf4" />
  <Project Path="02-dataType/02-dataType.vcxproj" Id="f02ef8d1-7b98-4072-9313-a667997e511c" />
  <Project Path="03-constant-type-conversion/03-constant-type-conversion.vcxproj" Id="205f8273-f99c-467b-8f1a-da4936ad838f" />
  <Project Path="04-printf-scanf/04-printf-scanf.vcxproj" Id="99d20e93-a5b4-411f-a2b7-6d38f63c3723" />
  <Project Path="05-operator/05-operator.vcxproj" Id="1983553a-19e4-4f7c-8a98-4bd469f39723" />
  <Project Path="06-sequential-and-if/06-sequential-and-if.vcxproj" Id="ab7cd6aa-a70e-4418-a336-f797a29ce797" />
  <Project Path="07-switch/07-switch.vcxproj" Id="e306d7a6-a1c1-47f4-b35f-244237e15984" />
</Solution>